// !$*UTF8*$!
{
	archiveVersion = 1;
	classes = {
	};
	objectVersion = 46;
	objects = {

/* Begin PBXBuildFile section */
		A7F99AD3215CBBA0008B0C1F /* main.m in Sources */ = {isa = PBXBuildFile; fileRef = A7F99AD2215CBBA0008B0C1F /* main.m */; };
		A7F99AD6215CBBA0008B0C1F /* AppDelegate.m in Sources */ = {isa = PBXBuildFile; fileRef = A7F99AD5215CBBA0008B0C1F /* AppDelegate.m */; };
		A7F99AD9215CBBA0008B0C1F /* ViewController.m in Sources */ = {isa = PBXBuildFile; fileRef = A7F99AD8215CBBA0008B0C1F /* ViewController.m */; };
		A7F99ADC215CBBA0008B0C1F /* Main.storyboard in Resources */ = {isa = PBXBuildFile; fileRef = A7F99ADA215CBBA0008B0C1F /* Main.storyboard */; };
		A7F99ADE215CBBA0008B0C1F /* Assets.xcassets in Resources */ = {isa = PBXBuildFile; fileRef = A7F99ADD215CBBA0008B0C1F /* Assets.xcassets */; };
		A7F99AE1215CBBA0008B0C1F /* LaunchScreen.storyboard in Resources */ = {isa = PBXBuildFile; fileRef = A7F99ADF215CBBA0008B0C1F /* LaunchScreen.storyboard */; };
		A7F99AF6215CBBF7008B0C1F /* README.md in Sources */ = {isa = PBXBuildFile; fileRef = A7F99AEA215CBBF7008B0C1F /* README.md */; };
		A7F99AF7215CBBF7008B0C1F /* RNCryptor.m in Sources */ = {isa = PBXBuildFile; fileRef = A7F99AEF215CBBF7008B0C1F /* RNCryptor.m */; };
		A7F99AF8215CBBF7008B0C1F /* RNCryptorEngine.m in Sources */ = {isa = PBXBuildFile; fileRef = A7F99AF1215CBBF7008B0C1F /* RNCryptorEngine.m */; };
		A7F99AF9215CBBF7008B0C1F /* RNDecryptor.m in Sources */ = {isa = PBXBuildFile; fileRef = A7F99AF3215CBBF7008B0C1F /* RNDecryptor.m */; };
		A7F99AFA215CBBF7008B0C1F /* RNEncryptor.m in Sources */ = {isa = PBXBuildFile; fileRef = A7F99AF5215CBBF7008B0C1F /* RNEncryptor.m */; };
		A7F99AFE215CBC4D008B0C1F /* NSObject+Encrypt.m in Sources */ = {isa = PBXBuildFile; fileRef = A7F99AFD215CBC4D008B0C1F /* NSObject+Encrypt.m */; };
		A7F99B02215CBD06008B0C1F /* ZLFileIOHandle.m in Sources */ = {isa = PBXBuildFile; fileRef = A7F99B01215CBD06008B0C1F /* ZLFileIOHandle.m */; };
		A7F99B05215CBEF8008B0C1F /* ZLFileEncrypt.m in Sources */ = {isa = PBXBuildFile; fileRef = A7F99B04215CBEF8008B0C1F /* ZLFileEncrypt.m */; };
/* End PBXBuildFile section */

/* Begin PBXFileReference section */
		A7F99ACE215CBBA0008B0C1F /* ZLFileEncrypt.app */ = {isa = PBXFileReference; explicitFileType = wrapper.application; includeInIndex = 0; path = ZLFileEncrypt.app; sourceTree = BUILT_PRODUCTS_DIR; };
		A7F99AD2215CBBA0008B0C1F /* main.m */ = {isa = PBXFileReference; lastKnownFileType = sourcecode.c.objc; path = main.m; sourceTree = "<group>"; };
		A7F99AD4215CBBA0008B0C1F /* AppDelegate.h */ = {isa = PBXFileReference; lastKnownFileType = sourcecode.c.h; path = AppDelegate.h; sourceTree = "<group>"; };
		A7F99AD5215CBBA0008B0C1F /* AppDelegate.m */ = {isa = PBXFileReference; lastKnownFileType = sourcecode.c.objc; path = AppDelegate.m; sourceTree = "<group>"; };
		A7F99AD7215CBBA0008B0C1F /* ViewController.h */ = {isa = PBXFileReference; lastKnownFileType = sourcecode.c.h; path = ViewController.h; sourceTree = "<group>"; };
		A7F99AD8215CBBA0008B0C1F /* ViewController.m */ = {isa = PBXFileReference; lastKnownFileType = sourcecode.c.objc; path = ViewController.m; sourceTree = "<group>"; };
		A7F99ADB215CBBA0008B0C1F /* Base */ = {isa = PBXFileReference; lastKnownFileType = file.storyboard; name = Base; path = Base.lproj/Main.storyboard; sourceTree = "<group>"; };
		A7F99ADD215CBBA0008B0C1F /* Assets.xcassets */ = {isa = PBXFileReference; lastKnownFileType = folder.assetcatalog; path = Assets.xcassets; sourceTree = "<group>"; };
		A7F99AE0215CBBA0008B0C1F /* Base */ = {isa = PBXFileReference; lastKnownFileType = file.storyboard; name = Base; path = Base.lproj/LaunchScreen.storyboard; sourceTree = "<group>"; };
		A7F99AE2215CBBA0008B0C1F /* Info.plist */ = {isa = PBXFileReference; lastKnownFileType = text.plist.xml; path = Info.plist; sourceTree = "<group>"; };
		A7F99AEA215CBBF7008B0C1F /* README.md */ = {isa = PBXFileReference; fileEncoding = 4; lastKnownFileType = net.daringfireball.markdown; path = README.md; sourceTree = "<group>"; };
		A7F99AED215CBBF7008B0C1F /* RNCryptor+Private.h */ = {isa = PBXFileReference; fileEncoding = 4; lastKnownFileType = sourcecode.c.h; path = "RNCryptor+Private.h"; sourceTree = "<group>"; };
		A7F99AEE215CBBF7008B0C1F /* RNCryptor.h */ = {isa = PBXFileReference; fileEncoding = 4; lastKnownFileType = sourcecode.c.h; path = RNCryptor.h; sourceTree = "<group>"; };
		A7F99AEF215CBBF7008B0C1F /* RNCryptor.m */ = {isa = PBXFileReference; fileEncoding = 4; lastKnownFileType = sourcecode.c.objc; path = RNCryptor.m; sourceTree = "<group>"; };
		A7F99AF0215CBBF7008B0C1F /* RNCryptorEngine.h */ = {isa = PBXFileReference; fileEncoding = 4; lastKnownFileType = sourcecode.c.h; path = RNCryptorEngine.h; sourceTree = "<group>"; };
		A7F99AF1215CBBF7008B0C1F /* RNCryptorEngine.m */ = {isa = PBXFileReference; fileEncoding = 4; lastKnownFileType = sourcecode.c.objc; path = RNCryptorEngine.m; sourceTree = "<group>"; };
		A7F99AF2215CBBF7008B0C1F /* RNDecryptor.h */ = {isa = PBXFileReference; fileEncoding = 4; lastKnownFileType = sourcecode.c.h; path = RNDecryptor.h; sourceTree = "<group>"; };
		A7F99AF3215CBBF7008B0C1F /* RNDecryptor.m */ = {isa = PBXFileReference; fileEncoding = 4; lastKnownFileType = sourcecode.c.objc; path = RNDecryptor.m; sourceTree = "<group>"; };
		A7F99AF4215CBBF7008B0C1F /* RNEncryptor.h */ = {isa = PBXFileReference; fileEncoding = 4; lastKnownFileType = sourcecode.c.h; path = RNEncryptor.h; sourceTree = "<group>"; };
		A7F99AF5215CBBF7008B0C1F /* RNEncryptor.m */ = {isa = PBXFileReference; fileEncoding = 4; lastKnownFileType = sourcecode.c.objc; path = RNEncryptor.m; sourceTree = "<group>"; };
		A7F99AFC215CBC4D008B0C1F /* NSObject+Encrypt.h */ = {isa = PBXFileReference; fileEncoding = 4; lastKnownFileType = sourcecode.c.h; path = "NSObject+Encrypt.h"; sourceTree = "<group>"; };
		A7F99AFD215CBC4D008B0C1F /* NSObject+Encrypt.m */ = {isa = PBXFileReference; fileEncoding = 4; lastKnownFileType = sourcecode.c.objc; path = "NSObject+Encrypt.m"; sourceTree = "<group>"; };
		A7F99B00215CBD06008B0C1F /* ZLFileIOHandle.h */ = {isa = PBXFileReference; fileEncoding = 4; lastKnownFileType = sourcecode.c.h; path = ZLFileIOHandle.h; sourceTree = "<group>"; };
		A7F99B01215CBD06008B0C1F /* ZLFileIOHandle.m */ = {isa = PBXFileReference; fileEncoding = 4; lastKnownFileType = sourcecode.c.objc; path = ZLFileIOHandle.m; sourceTree = "<group>"; };
		A7F99B03215CBEF8008B0C1F /* ZLFileEncrypt.h */ = {isa = PBXFileReference; fileEncoding = 4; lastKnownFileType = sourcecode.c.h; path = ZLFileEncrypt.h; sourceTree = "<group>"; };
		A7F99B04215CBEF8008B0C1F /* ZLFileEncrypt.m */ = {isa = PBXFileReference; fileEncoding = 4; lastKnownFileType = sourcecode.c.objc; path = ZLFileEncrypt.m; sourceTree = "<group>"; };
/* End PBXFileReference section */

/* Begin PBXFrameworksBuildPhase section */
		A7F99ACB215CBBA0008B0C1F /* Frameworks */ = {
			isa = PBXFrameworksBuildPhase;
			buildActionMask = 2147483647;
			files = (
			);
			runOnlyForDeploymentPostprocessing = 0;
		};
/* End PBXFrameworksBuildPhase section */

/* Begin PBXGroup section */
		A7F99AC5215CBBA0008B0C1F = {
			isa = PBXGroup;
			children = (
				A7F99AD0215CBBA0008B0C1F /* ZLFileEncrypt */,
				A7F99ACF215CBBA0008B0C1F /* Products */,
			);
			sourceTree = "<group>";
		};
		A7F99ACF215CBBA0008B0C1F /* Products */ = {
			isa = PBXGroup;
			children = (
				A7F99ACE215CBBA0008B0C1F /* ZLFileEncrypt.app */,
			);
			name = Products;
			sourceTree = "<group>";
		};
		A7F99AD0215CBBA0008B0C1F /* ZLFileEncrypt */ = {
			isa = PBXGroup;
			children = (
				A7F99AD4215CBBA0008B0C1F /* AppDelegate.h */,
				A7F99AD5215CBBA0008B0C1F /* AppDelegate.m */,
				A7F99AD7215CBBA0008B0C1F /* ViewController.h */,
				A7F99AD8215CBBA0008B0C1F /* ViewController.m */,
				A7F99AFF215CBCA9008B0C1F /* Util */,
				A7F99AFB215CBC4D008B0C1F /* Category */,
				A7F99AE8215CBBF7008B0C1F /* Vendor */,
				A7F99ADA215CBBA0008B0C1F /* Main.storyboard */,
				A7F99ADD215CBBA0008B0C1F /* Assets.xcassets */,
				A7F99ADF215CBBA0008B0C1F /* LaunchScreen.storyboard */,
				A7F99AE2215CBBA0008B0C1F /* Info.plist */,
				A7F99AD1215CBBA0008B0C1F /* Supporting Files */,
			);
			path = ZLFileEncrypt;
			sourceTree = "<group>";
		};
		A7F99AD1215CBBA0008B0C1F /* Supporting Files */ = {
			isa = PBXGroup;
			children = (
				A7F99AD2215CBBA0008B0C1F /* main.m */,
			);
			name = "Supporting Files";
			sourceTree = "<group>";
		};
		A7F99AE8215CBBF7008B0C1F /* Vendor */ = {
			isa = PBXGroup;
			children = (
				A7F99AE9215CBBF7008B0C1F /* RNCryptor */,
			);
			path = Vendor;
			sourceTree = "<group>";
		};
		A7F99AE9215CBBF7008B0C1F /* RNCryptor */ = {
			isa = PBXGroup;
			children = (
				A7F99AEA215CBBF7008B0C1F /* README.md */,
				A7F99AEC215CBBF7008B0C1F /* RNCryptor */,
			);
			path = RNCryptor;
			sourceTree = "<group>";
		};
		A7F99AEC215CBBF7008B0C1F /* RNCryptor */ = {
			isa = PBXGroup;
			children = (
				A7F99AED215CBBF7008B0C1F /* RNCryptor+Private.h */,
				A7F99AEE215CBBF7008B0C1F /* RNCryptor.h */,
				A7F99AEF215CBBF7008B0C1F /* RNCryptor.m */,
				A7F99AF0215CBBF7008B0C1F /* RNCryptorEngine.h */,
				A7F99AF1215CBBF7008B0C1F /* RNCryptorEngine.m */,
				A7F99AF2215CBBF7008B0C1F /* RNDecryptor.h */,
				A7F99AF3215CBBF7008B0C1F /* RNDecryptor.m */,
				A7F99AF4215CBBF7008B0C1F /* RNEncryptor.h */,
				A7F99AF5215CBBF7008B0C1F /* RNEncryptor.m */,
			);
			path = RNCryptor;
			sourceTree = "<group>";
		};
		A7F99AFB215CBC4D008B0C1F /* Category */ = {
			isa = PBXGroup;
			children = (
				A7F99AFC215CBC4D008B0C1F /* NSObject+Encrypt.h */,
				A7F99AFD215CBC4D008B0C1F /* NSObject+Encrypt.m */,
			);
			path = Category;
			sourceTree = "<group>";
		};
		A7F99AFF215CBCA9008B0C1F /* Util */ = {
			isa = PBXGroup;
			children = (
				A7F99B03215CBEF8008B0C1F /* ZLFileEncrypt.h */,
				A7F99B04215CBEF8008B0C1F /* ZLFileEncrypt.m */,
				A7F99B00215CBD06008B0C1F /* ZLFileIOHandle.h */,
				A7F99B01215CBD06008B0C1F /* ZLFileIOHandle.m */,
			);
			path = Util;
			sourceTree = "<group>";
		};
/* End PBXGroup section */

/* Begin PBXNativeTarget section */
		A7F99ACD215CBBA0008B0C1F /* ZLFileEncrypt */ = {
			isa = PBXNativeTarget;
			buildConfigurationList = A7F99AE5215CBBA0008B0C1F /* Build configuration list for PBXNativeTarget "ZLFileEncrypt" */;
			buildPhases = (
				A7F99ACA215CBBA0008B0C1F /* Sources */,
				A7F99ACB215CBBA0008B0C1F /* Frameworks */,
				A7F99ACC215CBBA0008B0C1F /* Resources */,
			);
			buildRules = (
			);
			dependencies = (
			);
			name = ZLFileEncrypt;
			productName = ZLFileEncrypt;
			productReference = A7F99ACE215CBBA0008B0C1F /* ZLFileEncrypt.app */;
			productType = "com.apple.product-type.application";
		};
/* End PBXNativeTarget section */

/* Begin PBXProject section */
		A7F99AC6215CBBA0008B0C1F /* Project object */ = {
			isa = PBXProject;
			attributes = {
				LastUpgradeCheck = 0720;
				ORGANIZATIONNAME = "小陌雨Moyu";
				TargetAttributes = {
					A7F99ACD215CBBA0008B0C1F = {
						CreatedOnToolsVersion = 7.2;
					};
				};
			};
			buildConfigurationList = A7F99AC9215CBBA0008B0C1F /* Build configuration list for PBXProject "ZLFileEncrypt" */;
			compatibilityVersion = "Xcode 3.2";
			developmentRegion = English;
			hasScannedForEncodings = 0;
			knownRegions = (
				en,
				Base,
			);
			mainGroup = A7F99AC5215CBBA0008B0C1F;
			productRefGroup = A7F99ACF215CBBA0008B0C1F /* Products */;
			projectDirPath = "";
			projectRoot = "";
			targets = (
				A7F99ACD215CBBA0008B0C1F /* ZLFileEncrypt */,
			);
		};
/* End PBXProject section */

/* Begin PBXResourcesBuildPhase section */
		A7F99ACC215CBBA0008B0C1F /* Resources */ = {
			isa = PBXResourcesBuildPhase;
			buildActionMask = 2147483647;
			files = (
				A7F99AE1215CBBA0008B0C1F /* LaunchScreen.storyboard in Resources */,
				A7F99ADE215CBBA0008B0C1F /* Assets.xcassets in Resources */,
				A7F99ADC215CBBA0008B0C1F /* Main.storyboard in Resources */,
			);
			runOnlyForDeploymentPostprocessing = 0;
		};
/* End PBXResourcesBuildPhase section */

/* Begin PBXSourcesBuildPhase section */
		A7F99ACA215CBBA0008B0C1F /* Sources */ = {
			isa = PBXSourcesBuildPhase;
			buildActionMask = 2147483647;
			files = (
				A7F99AD9215CBBA0008B0C1F /* ViewController.m in Sources */,
				A7F99B02215CBD06008B0C1F /* ZLFileIOHandle.m in Sources */,
				A7F99AFE215CBC4D008B0C1F /* NSObject+Encrypt.m in Sources */,
				A7F99AF9215CBBF7008B0C1F /* RNDecryptor.m in Sources */,
				A7F99AD6215CBBA0008B0C1F /* AppDelegate.m in Sources */,
				A7F99AF6215CBBF7008B0C1F /* README.md in Sources */,
				A7F99B05215CBEF8008B0C1F /* ZLFileEncrypt.m in Sources */,
				A7F99AF8215CBBF7008B0C1F /* RNCryptorEngine.m in Sources */,
				A7F99AD3215CBBA0008B0C1F /* main.m in Sources */,
				A7F99AFA215CBBF7008B0C1F /* RNEncryptor.m in Sources */,
				A7F99AF7215CBBF7008B0C1F /* RNCryptor.m in Sources */,
			);
			runOnlyForDeploymentPostprocessing = 0;
		};
/* End PBXSourcesBuildPhase section */

/* Begin PBXVariantGroup section */
		A7F99ADA215CBBA0008B0C1F /* Main.storyboard */ = {
			isa = PBXVariantGroup;
			children = (
				A7F99ADB215CBBA0008B0C1F /* Base */,
			);
			name = Main.storyboard;
			sourceTree = "<group>";
		};
		A7F99ADF215CBBA0008B0C1F /* LaunchScreen.storyboard */ = {
			isa = PBXVariantGroup;
			children = (
				A7F99AE0215CBBA0008B0C1F /* Base */,
			);
			name = LaunchScreen.storyboard;
			sourceTree = "<group>";
		};
/* End PBXVariantGroup section */

/* Begin XCBuildConfiguration section */
		A7F99AE3215CBBA0008B0C1F /* Debug */ = {
			isa = XCBuildConfiguration;
			buildSettings = {
				ALWAYS_SEARCH_USER_PATHS = NO;
				CLANG_CXX_LANGUAGE_STANDARD = "gnu++0x";
				CLANG_CXX_LIBRARY = "libc++";
				CLANG_ENABLE_MODULES = YES;
				CLANG_ENABLE_OBJC_ARC = YES;
				CLANG_WARN_BOOL_CONVERSION = YES;
				CLANG_WARN_CONSTANT_CONVERSION = YES;
				CLANG_WARN_DIRECT_OBJC_ISA_USAGE = YES_ERROR;
				CLANG_WARN_EMPTY_BODY = YES;
				CLANG_WARN_ENUM_CONVERSION = YES;
				CLANG_WARN_INT_CONVERSION = YES;
				CLANG_WARN_OBJC_ROOT_CLASS = YES_ERROR;
				CLANG_WARN_UNREACHABLE_CODE = YES;
				CLANG_WARN__DUPLICATE_METHOD_MATCH = YES;
				"CODE_SIGN_IDENTITY[sdk=iphoneos*]" = "iPhone Developer";
				COPY_PHASE_STRIP = NO;
				DEBUG_INFORMATION_FORMAT = dwarf;
				ENABLE_STRICT_OBJC_MSGSEND = YES;
				ENABLE_TESTABILITY = YES;
				GCC_C_LANGUAGE_STANDARD = gnu99;
				GCC_DYNAMIC_NO_PIC = NO;
				GCC_NO_COMMON_BLOCKS = YES;
				GCC_OPTIMIZATION_LEVEL = 0;
				GCC_PREPROCESSOR_DEFINITIONS = (
					"DEBUG=1",
					"$(inherited)",
				);
				GCC_WARN_64_TO_32_BIT_CONVERSION = YES;
				GCC_WARN_ABOUT_RETURN_TYPE = YES_ERROR;
				GCC_WARN_UNDECLARED_SELECTOR = YES;
				GCC_WARN_UNINITIALIZED_AUTOS = YES_AGGRESSIVE;
				GCC_WARN_UNUSED_FUNCTION = YES;
				GCC_WARN_UNUSED_VARIABLE = YES;
				IPHONEOS_DEPLOYMENT_TARGET = 9.2;
				MTL_ENABLE_DEBUG_INFO = YES;
				ONLY_ACTIVE_ARCH = YES;
				SDKROOT = iphoneos;
				TARGETED_DEVICE_FAMILY = "1,2";
			};
			name = Debug;
		};
		A7F99AE4215CBBA0008B0C1F /* Release */ = {
			isa = XCBuildConfiguration;
			buildSettings = {
				ALWAYS_SEARCH_USER_PATHS = NO;
				CLANG_CXX_LANGUAGE_STANDARD = "gnu++0x";
				CLANG_CXX_LIBRARY = "libc++";
				CLANG_ENABLE_MODULES = YES;
				CLANG_ENABLE_OBJC_ARC = YES;
				CLANG_WARN_BOOL_CONVERSION = YES;
				CLANG_WARN_CONSTANT_CONVERSION = YES;
				CLANG_WARN_DIRECT_OBJC_ISA_USAGE = YES_ERROR;
				CLANG_WARN_EMPTY_BODY = YES;
				CLANG_WARN_ENUM_CONVERSION = YES;
				CLANG_WARN_INT_CONVERSION = YES;
				CLANG_WARN_OBJC_ROOT_CLASS = YES_ERROR;
				CLANG_WARN_UNREACHABLE_CODE = YES;
				CLANG_WARN__DUPLICATE_METHOD_MATCH = YES;
				"CODE_SIGN_IDENTITY[sdk=iphoneos*]" = "iPhone Developer";
				COPY_PHASE_STRIP = NO;
				DEBUG_INFORMATION_FORMAT = "dwarf-with-dsym";
				ENABLE_NS_ASSERTIONS = NO;
				ENABLE_STRICT_OBJC_MSGSEND = YES;
				GCC_C_LANGUAGE_STANDARD = gnu99;
				GCC_NO_COMMON_BLOCKS = YES;
				GCC_WARN_64_TO_32_BIT_CONVERSION = YES;
				GCC_WARN_ABOUT_RETURN_TYPE = YES_ERROR;
				GCC_WARN_UNDECLARED_SELECTOR = YES;
				GCC_WARN_UNINITIALIZED_AUTOS = YES_AGGRESSIVE;
				GCC_WARN_UNUSED_FUNCTION = YES;
				GCC_WARN_UNUSED_VARIABLE = YES;
				IPHONEOS_DEPLOYMENT_TARGET = 9.2;
				MTL_ENABLE_DEBUG_INFO = NO;
				SDKROOT = iphoneos;
				TARGETED_DEVICE_FAMILY = "1,2";
				VALIDATE_PRODUCT = YES;
			};
			name = Release;
		};
		A7F99AE6215CBBA0008B0C1F /* Debug */ = {
			isa = XCBuildConfiguration;
			buildSettings = {
				ASSETCATALOG_COMPILER_APPICON_NAME = AppIcon;
				INFOPLIST_FILE = ZLFileEncrypt/Info.plist;
				LD_RUNPATH_SEARCH_PATHS = "$(inherited) @executable_path/Frameworks";
				PRODUCT_BUNDLE_IDENTIFIER = com.ZKTYMoyu.ZLFileEncrypt;
				PRODUCT_NAME = "$(TARGET_NAME)";
			};
			name = Debug;
		};
		A7F99AE7215CBBA0008B0C1F /* Release */ = {
			isa = XCBuildConfiguration;
			buildSettings = {
				ASSETCATALOG_COMPILER_APPICON_NAME = AppIcon;
				INFOPLIST_FILE = ZLFileEncrypt/Info.plist;
				LD_RUNPATH_SEARCH_PATHS = "$(inherited) @executable_path/Frameworks";
				PRODUCT_BUNDLE_IDENTIFIER = com.ZKTYMoyu.ZLFileEncrypt;
				PRODUCT_NAME = "$(TARGET_NAME)";
			};
			name = Release;
		};
/* End XCBuildConfiguration section */

/* Begin XCConfigurationList section */
		A7F99AC9215CBBA0008B0C1F /* Build configuration list for PBXProject "ZLFileEncrypt" */ = {
			isa = XCConfigurationList;
			buildConfigurations = (
				A7F99AE3215CBBA0008B0C1F /* Debug */,
				A7F99AE4215CBBA0008B0C1F /* Release */,
			);
			defaultConfigurationIsVisible = 0;
			defaultConfigurationName = Release;
		};
		A7F99AE5215CBBA0008B0C1F /* Build configuration list for PBXNativeTarget "ZLFileEncrypt" */ = {
			isa = XCConfigurationList;
			buildConfigurations = (
				A7F99AE6215CBBA0008B0C1F /* Debug */,
				A7F99AE7215CBBA0008B0C1F /* Release */,
			);
			defaultConfigurationIsVisible = 0;
		};
/* End XCConfigurationList section */
	};
	rootObject = A7F99AC6215CBBA0008B0C1F /* Project object */;
}
